
Microsoft Visual Studio Solution File, Format Version 12.00
# Visual Studio 15
VisualStudioVersion = 15.0.27130.2036
MinimumVisualStudioVersion = 10.0.40219.1
Project("{9092AA53-FB77-4645-B42D-1CCCA6BD08BD}") = "ExpressApp1", "ExpressApp1\ExpressApp1.njsproj", "{3D5C5222-1923-4C79-84A4-E13C16952AAC}"
EndProject
Global
	GlobalSection(SolutionConfigurationPlatforms) = preSolution
		Debug|Any CPU = Debug|Any CPU
		Release|Any CPU = Release|Any CPU
	EndGlobalSection
	GlobalSection(ProjectConfigurationPlatforms) = postSolution
		{3D5C5222-1923-4C79-84A4-E13C16952AAC}.Debug|Any CPU.ActiveCfg = Debug|Any CPU
		{3D5C5222-1923-4C79-84A4-E13C16952AAC}.Debug|Any CPU.Build.0 = Debug|Any CPU
		{3D5C5222-1923-4C79-84A4-E13C16952AAC}.Release|Any CPU.ActiveCfg = Release|Any CPU
		{3D5C5222-1923-4C79-84A4-E13C16952AAC}.Release|Any CPU.Build.0 = Release|Any CPU
	EndGlobalSection
	GlobalSection(SolutionProperties) = preSolution
		HideSolutionNode = FALSE
	EndGlobalSection
	GlobalSection(ExtensibilityGlobals) = postSolution
		SolutionGuid = {DE03574E-0E54-4380-88D9-8E3435BE32FA}
	EndGlobalSection
EndGlobal
